
Microsoft Visual Studio Solution File, Format Version 12.00
Project("{FAE04EC0-301F-11D3-BF4B-00C04F79EFBC}") = "APIModele", "APIModele.csproj", "{92EFF45F-52CB-4C39-8901-0F15A9C8A899}"
EndProject
Global
	GlobalSection(SolutionConfigurationPlatforms) = preSolution
		Debug|Any CPU = Debug|Any CPU
		Release|Any CPU = Release|Any CPU
	EndGlobalSection
	GlobalSection(ProjectConfigurationPlatforms) = postSolution
		{92EFF45F-52CB-4C39-8901-0F15A9C8A899}.Debug|Any CPU.ActiveCfg = Debug|Any CPU
		{92EFF45F-52CB-4C39-8901-0F15A9C8A899}.Debug|Any CPU.Build.0 = Debug|Any CPU
		{92EFF45F-52CB-4C39-8901-0F15A9C8A899}.Release|Any CPU.ActiveCfg = Release|Any CPU
		{92EFF45F-52CB-4C39-8901-0F15A9C8A899}.Release|Any CPU.Build.0 = Release|Any CPU
	EndGlobalSection
EndGlobal
